// !$*UTF8*$!
{
	archiveVersion = 1;
	classes = {
	};
	objectVersion = 56;
	objects = {

/* Begin PBXBuildFile section */
		500588AC2BFF020C00002773 /* profileCard.swift in Sources */ = {isa = PBXBuildFile; fileRef = 500588A82BFF020C00002773 /* profileCard.swift */; };
		500588AD2BFF020C00002773 /* TextBootcamp.swift in Sources */ = {isa = PBXBuildFile; fileRef = 500588A92BFF020C00002773 /* TextBootcamp.swift */; };
		500588AE2BFF020C00002773 /* ShapeBootCamp.swift in Sources */ = {isa = PBXBuildFile; fileRef = 500588AA2BFF020C00002773 /* ShapeBootCamp.swift */; };
		500588AF2BFF020C00002773 /* trafficLight.swift in Sources */ = {isa = PBXBuildFile; fileRef = 500588AB2BFF020C00002773 /* trafficLight.swift */; };
		500588B12BFF03B100002773 /* pieChart.swift in Sources */ = {isa = PBXBuildFile; fileRef = 500588B02BFF03B100002773 /* pieChart.swift */; };
		500AA9D22C009F7C00D797E9 /* iconBootCamp.swift in Sources */ = {isa = PBXBuildFile; fileRef = 500AA9D12C009F7C00D797E9 /* iconBootCamp.swift */; };
		5041474E2BFF701A007D94D6 /* ColorBootCamp.swift in Sources */ = {isa = PBXBuildFile; fileRef = 5041474D2BFF701A007D94D6 /* ColorBootCamp.swift */; };
		504C70C52C0057B500A7A7DC /* GradientBootCamp.swift in Sources */ = {isa = PBXBuildFile; fileRef = 504C70C42C0057B500A7A7DC /* GradientBootCamp.swift */; };
		50A003352C0432F600C53723 /* SpacerBootCamp.swift in Sources */ = {isa = PBXBuildFile; fileRef = 50A003342C0432F600C53723 /* SpacerBootCamp.swift */; };
		50A003372C044B5800C53723 /* initBootCamp.swift in Sources */ = {isa = PBXBuildFile; fileRef = 50A003362C044B5800C53723 /* initBootCamp.swift */; };
		50D4F5DD2C02079700DFAC6C /* ImageBootCamp.swift in Sources */ = {isa = PBXBuildFile; fileRef = 50D4F5DC2C02079700DFAC6C /* ImageBootCamp.swift */; };
		50D4F5DF2C020C4C00DFAC6C /* FrameBootCamp.swift in Sources */ = {isa = PBXBuildFile; fileRef = 50D4F5DE2C020C4C00DFAC6C /* FrameBootCamp.swift */; };
		50DF84482BF6195100696A2A /* testSwiftUIApp.swift in Sources */ = {isa = PBXBuildFile; fileRef = 50DF84472BF6195100696A2A /* testSwiftUIApp.swift */; };
		50DF844A2BF6195100696A2A /* ContentView.swift in Sources */ = {isa = PBXBuildFile; fileRef = 50DF84492BF6195100696A2A /* ContentView.swift */; };
		50DF844C2BF6195200696A2A /* Assets.xcassets in Resources */ = {isa = PBXBuildFile; fileRef = 50DF844B2BF6195200696A2A /* Assets.xcassets */; };
		50DF844F2BF6195200696A2A /* Preview Assets.xcassets in Resources */ = {isa = PBXBuildFile; fileRef = 50DF844E2BF6195200696A2A /* Preview Assets.xcassets */; };
		50E3CB542C0358A100384989 /* OverLayBootCamp.swift in Sources */ = {isa = PBXBuildFile; fileRef = 50E3CB532C0358A100384989 /* OverLayBootCamp.swift */; };
		50E3CB562C035E9A00384989 /* StackBootCamp.swift in Sources */ = {isa = PBXBuildFile; fileRef = 50E3CB552C035E9A00384989 /* StackBootCamp.swift */; };
		50EC6C5B2C0455BA0062FD1D /* forEachBootCamp.swift in Sources */ = {isa = PBXBuildFile; fileRef = 50EC6C5A2C0455BA0062FD1D /* forEachBootCamp.swift */; };
/* End PBXBuildFile section */

/* Begin PBXFileReference section */
		500588A82BFF020C00002773 /* profileCard.swift */ = {isa = PBXFileReference; fileEncoding = 4; lastKnownFileType = sourcecode.swift; path = profileCard.swift; sourceTree = "<group>"; };
		500588A92BFF020C00002773 /* TextBootcamp.swift */ = {isa = PBXFileReference; fileEncoding = 4; lastKnownFileType = sourcecode.swift; path = TextBootcamp.swift; sourceTree = "<group>"; };
		500588AA2BFF020C00002773 /* ShapeBootCamp.swift */ = {isa = PBXFileReference; fileEncoding = 4; lastKnownFileType = sourcecode.swift; path = ShapeBootCamp.swift; sourceTree = "<group>"; };
		500588AB2BFF020C00002773 /* trafficLight.swift */ = {isa = PBXFileReference; fileEncoding = 4; lastKnownFileType = sourcecode.swift; path = trafficLight.swift; sourceTree = "<group>"; };
		500588B02BFF03B100002773 /* pieChart.swift */ = {isa = PBXFileReference; lastKnownFileType = sourcecode.swift; path = pieChart.swift; sourceTree = "<group>"; };
		500AA9D12C009F7C00D797E9 /* iconBootCamp.swift */ = {isa = PBXFileReference; lastKnownFileType = sourcecode.swift; path = iconBootCamp.swift; sourceTree = "<group>"; };
		5041474D2BFF701A007D94D6 /* ColorBootCamp.swift */ = {isa = PBXFileReference; lastKnownFileType = sourcecode.swift; path = ColorBootCamp.swift; sourceTree = "<group>"; };
		504C70C42C0057B500A7A7DC /* GradientBootCamp.swift */ = {isa = PBXFileReference; lastKnownFileType = sourcecode.swift; path = GradientBootCamp.swift; sourceTree = "<group>"; };
		50A003342C0432F600C53723 /* SpacerBootCamp.swift */ = {isa = PBXFileReference; lastKnownFileType = sourcecode.swift; path = SpacerBootCamp.swift; sourceTree = "<group>"; };
		50A003362C044B5800C53723 /* initBootCamp.swift */ = {isa = PBXFileReference; lastKnownFileType = sourcecode.swift; path = initBootCamp.swift; sourceTree = "<group>"; };
		50D4F5DC2C02079700DFAC6C /* ImageBootCamp.swift */ = {isa = PBXFileReference; lastKnownFileType = sourcecode.swift; path = ImageBootCamp.swift; sourceTree = "<group>"; };
		50D4F5DE2C020C4C00DFAC6C /* FrameBootCamp.swift */ = {isa = PBXFileReference; lastKnownFileType = sourcecode.swift; path = FrameBootCamp.swift; sourceTree = "<group>"; };
		50DF84442BF6195100696A2A /* testSwiftUI.app */ = {isa = PBXFileReference; explicitFileType = wrapper.application; includeInIndex = 0; path = testSwiftUI.app; sourceTree = BUILT_PRODUCTS_DIR; };
		50DF84472BF6195100696A2A /* testSwiftUIApp.swift */ = {isa = PBXFileReference; lastKnownFileType = sourcecode.swift; path = testSwiftUIApp.swift; sourceTree = "<group>"; };
		50DF84492BF6195100696A2A /* ContentView.swift */ = {isa = PBXFileReference; lastKnownFileType = sourcecode.swift; path = ContentView.swift; sourceTree = "<group>"; };
		50DF844B2BF6195200696A2A /* Assets.xcassets */ = {isa = PBXFileReference; lastKnownFileType = folder.assetcatalog; path = Assets.xcassets; sourceTree = "<group>"; };
		50DF844E2BF6195200696A2A /* Preview Assets.xcassets */ = {isa = PBXFileReference; lastKnownFileType = folder.assetcatalog; path = "Preview Assets.xcassets"; sourceTree = "<group>"; };
		50E3CB532C0358A100384989 /* OverLayBootCamp.swift */ = {isa = PBXFileReference; lastKnownFileType = sourcecode.swift; path = OverLayBootCamp.swift; sourceTree = "<group>"; };
		50E3CB552C035E9A00384989 /* StackBootCamp.swift */ = {isa = PBXFileReference; lastKnownFileType = sourcecode.swift; path = StackBootCamp.swift; sourceTree = "<group>"; };
		50EC6C5A2C0455BA0062FD1D /* forEachBootCamp.swift */ = {isa = PBXFileReference; lastKnownFileType = sourcecode.swift; path = forEachBootCamp.swift; sourceTree = "<group>"; };
/* End PBXFileReference section */

/* Begin PBXFrameworksBuildPhase section */
		50DF84412BF6195100696A2A /* Frameworks */ = {
			isa = PBXFrameworksBuildPhase;
			buildActionMask = 2147483647;
			files = (
			);
			runOnlyForDeploymentPostprocessing = 0;
		};
/* End PBXFrameworksBuildPhase section */

/* Begin PBXGroup section */
		50DF843B2BF6195100696A2A = {
			isa = PBXGroup;
			children = (
				50DF84462BF6195100696A2A /* testSwiftUI */,
				50DF84452BF6195100696A2A /* Products */,
			);
			sourceTree = "<group>";
		};
		50DF84452BF6195100696A2A /* Products */ = {
			isa = PBXGroup;
			children = (
				50DF84442BF6195100696A2A /* testSwiftUI.app */,
			);
			name = Products;
			sourceTree = "<group>";
		};
		50DF84462BF6195100696A2A /* testSwiftUI */ = {
			isa = PBXGroup;
			children = (
				50DF84492BF6195100696A2A /* ContentView.swift */,
				50E3CB522C0357C800384989 /* part1 */,
				50DF844B2BF6195200696A2A /* Assets.xcassets */,
				50DF844D2BF6195200696A2A /* Preview Content */,
				50D4F5DE2C020C4C00DFAC6C /* FrameBootCamp.swift */,
				50E3CB532C0358A100384989 /* OverLayBootCamp.swift */,
				50E3CB552C035E9A00384989 /* StackBootCamp.swift */,
				50A003342C0432F600C53723 /* SpacerBootCamp.swift */,
				50A003362C044B5800C53723 /* initBootCamp.swift */,
				50EC6C5A2C0455BA0062FD1D /* forEachBootCamp.swift */,
			);
			path = testSwiftUI;
			sourceTree = "<group>";
		};
		50DF844D2BF6195200696A2A /* Preview Content */ = {
			isa = PBXGroup;
			children = (
				50DF844E2BF6195200696A2A /* Preview Assets.xcassets */,
			);
			path = "Preview Content";
			sourceTree = "<group>";
		};
		50E3CB522C0357C800384989 /* part1 */ = {
			isa = PBXGroup;
			children = (
				500588AA2BFF020C00002773 /* ShapeBootCamp.swift */,
				50DF84472BF6195100696A2A /* testSwiftUIApp.swift */,
				500588A92BFF020C00002773 /* TextBootcamp.swift */,
				500588AB2BFF020C00002773 /* trafficLight.swift */,
				5041474D2BFF701A007D94D6 /* ColorBootCamp.swift */,
				504C70C42C0057B500A7A7DC /* GradientBootCamp.swift */,
				500AA9D12C009F7C00D797E9 /* iconBootCamp.swift */,
				50D4F5DC2C02079700DFAC6C /* ImageBootCamp.swift */,
				500588B02BFF03B100002773 /* pieChart.swift */,
				500588A82BFF020C00002773 /* profileCard.swift */,
			);
			path = part1;
			sourceTree = "<group>";
		};
/* End PBXGroup section */

/* Begin PBXNativeTarget section */
		50DF84432BF6195100696A2A /* testSwiftUI */ = {
			isa = PBXNativeTarget;
			buildConfigurationList = 50DF84522BF6195200696A2A /* Build configuration list for PBXNativeTarget "testSwiftUI" */;
			buildPhases = (
				50DF84402BF6195100696A2A /* Sources */,
				50DF84412BF6195100696A2A /* Frameworks */,
				50DF84422BF6195100696A2A /* Resources */,
			);
			buildRules = (
			);
			dependencies = (
			);
			name = testSwiftUI;
			productName = testSwiftUI;
			productReference = 50DF84442BF6195100696A2A /* testSwiftUI.app */;
			productType = "com.apple.product-type.application";
		};
/* End PBXNativeTarget section */

/* Begin PBXProject section */
		50DF843C2BF6195100696A2A /* Project object */ = {
			isa = PBXProject;
			attributes = {
				BuildIndependentTargetsInParallel = 1;
				LastSwiftUpdateCheck = 1500;
				LastUpgradeCheck = 1500;
				TargetAttributes = {
					50DF84432BF6195100696A2A = {
						CreatedOnToolsVersion = 15.0;
					};
				};
			};
			buildConfigurationList = 50DF843F2BF6195100696A2A /* Build configuration list for PBXProject "testSwiftUI" */;
			compatibilityVersion = "Xcode 14.0";
			developmentRegion = en;
			hasScannedForEncodings = 0;
			knownRegions = (
				en,
				Base,
			);
			mainGroup = 50DF843B2BF6195100696A2A;
			productRefGroup = 50DF84452BF6195100696A2A /* Products */;
			projectDirPath = "";
			projectRoot = "";
			targets = (
				50DF84432BF6195100696A2A /* testSwiftUI */,
			);
		};
/* End PBXProject section */

/* Begin PBXResourcesBuildPhase section */
		50DF84422BF6195100696A2A /* Resources */ = {
			isa = PBXResourcesBuildPhase;
			buildActionMask = 2147483647;
			files = (
				50DF844F2BF6195200696A2A /* Preview Assets.xcassets in Resources */,
				50DF844C2BF6195200696A2A /* Assets.xcassets in Resources */,
			);
			runOnlyForDeploymentPostprocessing = 0;
		};
/* End PBXResourcesBuildPhase section */

/* Begin PBXSourcesBuildPhase section */
		50DF84402BF6195100696A2A /* Sources */ = {
			isa = PBXSourcesBuildPhase;
			buildActionMask = 2147483647;
			files = (
				50D4F5DD2C02079700DFAC6C /* ImageBootCamp.swift in Sources */,
				500588AC2BFF020C00002773 /* profileCard.swift in Sources */,
				50D4F5DF2C020C4C00DFAC6C /* FrameBootCamp.swift in Sources */,
				50DF844A2BF6195100696A2A /* ContentView.swift in Sources */,
				5041474E2BFF701A007D94D6 /* ColorBootCamp.swift in Sources */,
				50E3CB562C035E9A00384989 /* StackBootCamp.swift in Sources */,
				50A003372C044B5800C53723 /* initBootCamp.swift in Sources */,
				500588AF2BFF020C00002773 /* trafficLight.swift in Sources */,
				50E3CB542C0358A100384989 /* OverLayBootCamp.swift in Sources */,
				50DF84482BF6195100696A2A /* testSwiftUIApp.swift in Sources */,
				500588B12BFF03B100002773 /* pieChart.swift in Sources */,
				500588AE2BFF020C00002773 /* ShapeBootCamp.swift in Sources */,
				50A003352C0432F600C53723 /* SpacerBootCamp.swift in Sources */,
				500AA9D22C009F7C00D797E9 /* iconBootCamp.swift in Sources */,
				504C70C52C0057B500A7A7DC /* GradientBootCamp.swift in Sources */,
				500588AD2BFF020C00002773 /* TextBootcamp.swift in Sources */,
				50EC6C5B2C0455BA0062FD1D /* forEachBootCamp.swift in Sources */,
			);
			runOnlyForDeploymentPostprocessing = 0;
		};
/* End PBXSourcesBuildPhase section */

/* Begin XCBuildConfiguration section */
		50DF84502BF6195200696A2A /* Debug */ = {
			isa = XCBuildConfiguration;
			buildSettings = {
				ALWAYS_SEARCH_USER_PATHS = NO;
				ASSETCATALOG_COMPILER_GENERATE_SWIFT_ASSET_SYMBOL_EXTENSIONS = YES;
				CLANG_ANALYZER_NONNULL = YES;
				CLANG_ANALYZER_NUMBER_OBJECT_CONVERSION = YES_AGGRESSIVE;
				CLANG_CXX_LANGUAGE_STANDARD = "gnu++20";
				CLANG_ENABLE_MODULES = YES;
				CLANG_ENABLE_OBJC_ARC = YES;
				CLANG_ENABLE_OBJC_WEAK = YES;
				CLANG_WARN_BLOCK_CAPTURE_AUTORELEASING = YES;
				CLANG_WARN_BOOL_CONVERSION = YES;
				CLANG_WARN_COMMA = YES;
				CLANG_WARN_CONSTANT_CONVERSION = YES;
				CLANG_WARN_DEPRECATED_OBJC_IMPLEMENTATIONS = YES;
				CLANG_WARN_DIRECT_OBJC_ISA_USAGE = YES_ERROR;
				CLANG_WARN_DOCUMENTATION_COMMENTS = YES;
				CLANG_WARN_EMPTY_BODY = YES;
				CLANG_WARN_ENUM_CONVERSION = YES;
				CLANG_WARN_INFINITE_RECURSION = YES;
				CLANG_WARN_INT_CONVERSION = YES;
				CLANG_WARN_NON_LITERAL_NULL_CONVERSION = YES;
				CLANG_WARN_OBJC_IMPLICIT_RETAIN_SELF = YES;
				CLANG_WARN_OBJC_LITERAL_CONVERSION = YES;
				CLANG_WARN_OBJC_ROOT_CLASS = YES_ERROR;
				CLANG_WARN_QUOTED_INCLUDE_IN_FRAMEWORK_HEADER = YES;
				CLANG_WARN_RANGE_LOOP_ANALYSIS = YES;
				CLANG_WARN_STRICT_PROTOTYPES = YES;
				CLANG_WARN_SUSPICIOUS_MOVE = YES;
				CLANG_WARN_UNGUARDED_AVAILABILITY = YES_AGGRESSIVE;
				CLANG_WARN_UNREACHABLE_CODE = YES;
				CLANG_WARN__DUPLICATE_METHOD_MATCH = YES;
				COPY_PHASE_STRIP = NO;
				DEBUG_INFORMATION_FORMAT = dwarf;
				ENABLE_STRICT_OBJC_MSGSEND = YES;
				ENABLE_TESTABILITY = YES;
				ENABLE_USER_SCRIPT_SANDBOXING = YES;
				GCC_C_LANGUAGE_STANDARD = gnu17;
				GCC_DYNAMIC_NO_PIC = NO;
				GCC_NO_COMMON_BLOCKS = YES;
				GCC_OPTIMIZATION_LEVEL = 0;
				GCC_PREPROCESSOR_DEFINITIONS = (
					"DEBUG=1",
					"$(inherited)",
				);
				GCC_WARN_64_TO_32_BIT_CONVERSION = YES;
				GCC_WARN_ABOUT_RETURN_TYPE = YES_ERROR;
				GCC_WARN_UNDECLARED_SELECTOR = YES;
				GCC_WARN_UNINITIALIZED_AUTOS = YES_AGGRESSIVE;
				GCC_WARN_UNUSED_FUNCTION = YES;
				GCC_WARN_UNUSED_VARIABLE = YES;
				IPHONEOS_DEPLOYMENT_TARGET = 17.0;
				LOCALIZATION_PREFERS_STRING_CATALOGS = YES;
				MTL_ENABLE_DEBUG_INFO = INCLUDE_SOURCE;
				MTL_FAST_MATH = YES;
				ONLY_ACTIVE_ARCH = YES;
				SDKROOT = iphoneos;
				SWIFT_ACTIVE_COMPILATION_CONDITIONS = "DEBUG $(inherited)";
				SWIFT_OPTIMIZATION_LEVEL = "-Onone";
			};
			name = Debug;
		};
		50DF84512BF6195200696A2A /* Release */ = {
			isa = XCBuildConfiguration;
			buildSettings = {
				ALWAYS_SEARCH_USER_PATHS = NO;
				ASSETCATALOG_COMPILER_GENERATE_SWIFT_ASSET_SYMBOL_EXTENSIONS = YES;
				CLANG_ANALYZER_NONNULL = YES;
				CLANG_ANALYZER_NUMBER_OBJECT_CONVERSION = YES_AGGRESSIVE;
				CLANG_CXX_LANGUAGE_STANDARD = "gnu++20";
				CLANG_ENABLE_MODULES = YES;
				CLANG_ENABLE_OBJC_ARC = YES;
				CLANG_ENABLE_OBJC_WEAK = YES;
				CLANG_WARN_BLOCK_CAPTURE_AUTORELEASING = YES;
				CLANG_WARN_BOOL_CONVERSION = YES;
				CLANG_WARN_COMMA = YES;
				CLANG_WARN_CONSTANT_CONVERSION = YES;
				CLANG_WARN_DEPRECATED_OBJC_IMPLEMENTATIONS = YES;
				CLANG_WARN_DIRECT_OBJC_ISA_USAGE = YES_ERROR;
				CLANG_WARN_DOCUMENTATION_COMMENTS = YES;
				CLANG_WARN_EMPTY_BODY = YES;
				CLANG_WARN_ENUM_CONVERSION = YES;
				CLANG_WARN_INFINITE_RECURSION = YES;
				CLANG_WARN_INT_CONVERSION = YES;
				CLANG_WARN_NON_LITERAL_NULL_CONVERSION = YES;
				CLANG_WARN_OBJC_IMPLICIT_RETAIN_SELF = YES;
				CLANG_WARN_OBJC_LITERAL_CONVERSION = YES;
				CLANG_WARN_OBJC_ROOT_CLASS = YES_ERROR;
				CLANG_WARN_QUOTED_INCLUDE_IN_FRAMEWORK_HEADER = YES;
				CLANG_WARN_RANGE_LOOP_ANALYSIS = YES;
				CLANG_WARN_STRICT_PROTOTYPES = YES;
				CLANG_WARN_SUSPICIOUS_MOVE = YES;
				CLANG_WARN_UNGUARDED_AVAILABILITY = YES_AGGRESSIVE;
				CLANG_WARN_UNREACHABLE_CODE = YES;
				CLANG_WARN__DUPLICATE_METHOD_MATCH = YES;
				COPY_PHASE_STRIP = NO;
				DEBUG_INFORMATION_FORMAT = "dwarf-with-dsym";
				ENABLE_NS_ASSERTIONS = NO;
				ENABLE_STRICT_OBJC_MSGSEND = YES;
				ENABLE_USER_SCRIPT_SANDBOXING = YES;
				GCC_C_LANGUAGE_STANDARD = gnu17;
				GCC_NO_COMMON_BLOCKS = YES;
				GCC_WARN_64_TO_32_BIT_CONVERSION = YES;
				GCC_WARN_ABOUT_RETURN_TYPE = YES_ERROR;
				GCC_WARN_UNDECLARED_SELECTOR = YES;
				GCC_WARN_UNINITIALIZED_AUTOS = YES_AGGRESSIVE;
				GCC_WARN_UNUSED_FUNCTION = YES;
				GCC_WARN_UNUSED_VARIABLE = YES;
				IPHONEOS_DEPLOYMENT_TARGET = 17.0;
				LOCALIZATION_PREFERS_STRING_CATALOGS = YES;
				MTL_ENABLE_DEBUG_INFO = NO;
				MTL_FAST_MATH = YES;
				SDKROOT = iphoneos;
				SWIFT_COMPILATION_MODE = wholemodule;
				VALIDATE_PRODUCT = YES;
			};
			name = Release;
		};
		50DF84532BF6195200696A2A /* Debug */ = {
			isa = XCBuildConfiguration;
			buildSettings = {
				ASSETCATALOG_COMPILER_APPICON_NAME = AppIcon;
				ASSETCATALOG_COMPILER_GLOBAL_ACCENT_COLOR_NAME = AccentColor;
				CODE_SIGN_STYLE = Automatic;
				CURRENT_PROJECT_VERSION = 1;
				DEVELOPMENT_ASSET_PATHS = "\"testSwiftUI/Preview Content\"";
				DEVELOPMENT_TEAM = KD7G9YD6XV;
				ENABLE_PREVIEWS = YES;
				GENERATE_INFOPLIST_FILE = YES;
				INFOPLIST_KEY_UIApplicationSceneManifest_Generation = YES;
				INFOPLIST_KEY_UIApplicationSupportsIndirectInputEvents = YES;
				INFOPLIST_KEY_UILaunchScreen_Generation = YES;
				INFOPLIST_KEY_UISupportedInterfaceOrientations_iPad = "UIInterfaceOrientationPortrait UIInterfaceOrientationPortraitUpsideDown UIInterfaceOrientationLandscapeLeft UIInterfaceOrientationLandscapeRight";
				INFOPLIST_KEY_UISupportedInterfaceOrientations_iPhone = "UIInterfaceOrientationPortrait UIInterfaceOrientationLandscapeLeft UIInterfaceOrientationLandscapeRight";
				LD_RUNPATH_SEARCH_PATHS = (
					"$(inherited)",
					"@executable_path/Frameworks",
				);
				MARKETING_VERSION = 1.0;
				PRODUCT_BUNDLE_IDENTIFIER = com.codecrafters.testSwiftUI;
				PRODUCT_NAME = "$(TARGET_NAME)";
				SWIFT_EMIT_LOC_STRINGS = YES;
				SWIFT_VERSION = 5.0;
				TARGETED_DEVICE_FAMILY = "1,2";
			};
			name = Debug;
		};
		50DF84542BF6195200696A2A /* Release */ = {
			isa = XCBuildConfiguration;
			buildSettings = {
				ASSETCATALOG_COMPILER_APPICON_NAME = AppIcon;
				ASSETCATALOG_COMPILER_GLOBAL_ACCENT_COLOR_NAME = AccentColor;
				CODE_SIGN_STYLE = Automatic;
				CURRENT_PROJECT_VERSION = 1;
				DEVELOPMENT_ASSET_PATHS = "\"testSwiftUI/Preview Content\"";
				DEVELOPMENT_TEAM = KD7G9YD6XV;
				ENABLE_PREVIEWS = YES;
				GENERATE_INFOPLIST_FILE = YES;
				INFOPLIST_KEY_UIApplicationSceneManifest_Generation = YES;
				INFOPLIST_KEY_UIApplicationSupportsIndirectInputEvents = YES;
				INFOPLIST_KEY_UILaunchScreen_Generation = YES;
				INFOPLIST_KEY_UISupportedInterfaceOrientations_iPad = "UIInterfaceOrientationPortrait UIInterfaceOrientationPortraitUpsideDown UIInterfaceOrientationLandscapeLeft UIInterfaceOrientationLandscapeRight";
				INFOPLIST_KEY_UISupportedInterfaceOrientations_iPhone = "UIInterfaceOrientationPortrait UIInterfaceOrientationLandscapeLeft UIInterfaceOrientationLandscapeRight";
				LD_RUNPATH_SEARCH_PATHS = (
					"$(inherited)",
					"@executable_path/Frameworks",
				);
				MARKETING_VERSION = 1.0;
				PRODUCT_BUNDLE_IDENTIFIER = com.codecrafters.testSwiftUI;
				PRODUCT_NAME = "$(TARGET_NAME)";
				SWIFT_EMIT_LOC_STRINGS = YES;
				SWIFT_VERSION = 5.0;
				TARGETED_DEVICE_FAMILY = "1,2";
			};
			name = Release;
		};
/* End XCBuildConfiguration section */

/* Begin XCConfigurationList section */
		50DF843F2BF6195100696A2A /* Build configuration list for PBXProject "testSwiftUI" */ = {
			isa = XCConfigurationList;
			buildConfigurations = (
				50DF84502BF6195200696A2A /* Debug */,
				50DF84512BF6195200696A2A /* Release */,
			);
			defaultConfigurationIsVisible = 0;
			defaultConfigurationName = Release;
		};
		50DF84522BF6195200696A2A /* Build configuration list for PBXNativeTarget "testSwiftUI" */ = {
			isa = XCConfigurationList;
			buildConfigurations = (
				50DF84532BF6195200696A2A /* Debug */,
				50DF84542BF6195200696A2A /* Release */,
			);
			defaultConfigurationIsVisible = 0;
			defaultConfigurationName = Release;
		};
/* End XCConfigurationList section */
	};
	rootObject = 50DF843C2BF6195100696A2A /* Project object */;
}
